{
  "name": "node-red-contrib-barcode",
  "version": "0.1.0",
  "lockfileVersion": 2,
  "requires": true,
  "packages": {
    "": {
      "name": "node-red-contrib-barcode",
      "version": "0.1.0",
      "license": "MIT",
      "dependencies": {
        "barcode4nodejs": "^9.6.10"
      }
    },
    "node_modules/barcode4nodejs": {
      "version": "9.6.10",
      "resolved": "https://registry.npmjs.org/barcode4nodejs/-/barcode4nodejs-9.6.10.tgz",
      "integrity": "sha512-iNKKRTpxP9JF4DrOfm9Ry0dz67nvxDz3qOhKzGxx/724YNxcgwTAAT0bwZm8kU4O12/BnratcmhfuO3tY10tYA==",
      "hasInstallScript": true
    }
  },
  "dependencies": {
    "barcode4nodejs": {
      "version": "9.6.10",
      "resolved": "https://registry.npmjs.org/barcode4nodejs/-/barcode4nodejs-9.6.10.tgz",
      "integrity": "sha512-iNKKRTpxP9JF4DrOfm9Ry0dz67nvxDz3qOhKzGxx/724YNxcgwTAAT0bwZm8kU4O12/BnratcmhfuO3tY10tYA=="
    }
  }
}
